{
  "name": "wdio-page-objects",
  "version": "0.0.1",
  "lockfileVersion": 1,
  "requires": true,
  "dependencies": {
    "@types/node": {
      "version": "8.0.55",
      "resolved": "https://registry.npmjs.org/@types/node/-/node-8.0.55.tgz",
      "integrity": "sha512-K8w0FWNsIRcw615d/Et90wMRvLfg8XH1T77fC0xObbusE3+eXwnitdoF9j0CS9zBt8A57J/TKgRVe7RX9ZlT1g==",
      "dev": true
    },
    "@types/webdriverio": {
      "version": "4.8.6",
      "resolved": "https://registry.npmjs.org/@types/webdriverio/-/webdriverio-4.8.6.tgz",
      "integrity": "sha512-y8zENitnHZQzRnEkAm82wrKbRT0WD3/65IREeGhfjVkvOqYji6DNwy9OvbcSPhfklij8x8TUUshr8nn6/RiZ+g==",
      "dev": true,
      "requires": {
        "@types/node": "8.0.55"
      }
    },
    "reflect-metadata": {
      "version": "0.1.10",
      "resolved": "https://registry.npmjs.org/reflect-metadata/-/reflect-metadata-0.1.10.tgz",
      "integrity": "sha1-tPg3BEFqytiZiMmxVjXUfgO5NEo="
    }
  }
}
